
Microsoft Visual Studio Solution File, Format Version 12.00
# Visual Studio Version 17
VisualStudioVersion = 17.7.34009.444
MinimumVisualStudioVersion = 10.0.40219.1
Project("{9A19103F-16F7-4668-BE54-9A1E7A4F7556}") = "ReactAspCrud", "ReactAspCrud\ReactAspCrud.csproj", "{B20906D9-8F9E-49BA-97A6-8A93819DD6C6}"
EndProject
Global
	GlobalSection(SolutionConfigurationPlatforms) = preSolution
		Debug|Any CPU = Debug|Any CPU
		Release|Any CPU = Release|Any CPU
	EndGlobalSection
	GlobalSection(ProjectConfigurationPlatforms) = postSolution
		{B20906D9-8F9E-49BA-97A6-8A93819DD6C6}.Debug|Any CPU.ActiveCfg = Debug|Any CPU
		{B20906D9-8F9E-49BA-97A6-8A93819DD6C6}.Debug|Any CPU.Build.0 = Debug|Any CPU
		{B20906D9-8F9E-49BA-97A6-8A93819DD6C6}.Release|Any CPU.ActiveCfg = Release|Any CPU
		{B20906D9-8F9E-49BA-97A6-8A93819DD6C6}.Release|Any CPU.Build.0 = Release|Any CPU
	EndGlobalSection
	GlobalSection(SolutionProperties) = preSolution
		HideSolutionNode = FALSE
	EndGlobalSection
	GlobalSection(ExtensibilityGlobals) = postSolution
		SolutionGuid = {69F38A2F-B862-4300-A711-EF1F2865C345}
	EndGlobalSection
EndGlobal
